// !$*UTF8*$!
{
	archiveVersion = 1;
	classes = {
	};
	objectVersion = 51;
	objects = {

/* Begin PBXBuildFile section */
		D1D680F2244690BC00F4634F /* AppDelegate.swift in Sources */ = {isa = PBXBuildFile; fileRef = D1D680F1244690BC00F4634F /* AppDelegate.swift */; };
		D1D680F4244690BC00F4634F /* SceneDelegate.swift in Sources */ = {isa = PBXBuildFile; fileRef = D1D680F3244690BC00F4634F /* SceneDelegate.swift */; };
		D1D680F9244690BC00F4634F /* Main.storyboard in Resources */ = {isa = PBXBuildFile; fileRef = D1D680F7244690BC00F4634F /* Main.storyboard */; };
		D1D680FB244690BE00F4634F /* Assets.xcassets in Resources */ = {isa = PBXBuildFile; fileRef = D1D680FA244690BE00F4634F /* Assets.xcassets */; };
		D1D680FE244690BE00F4634F /* LaunchScreen.storyboard in Resources */ = {isa = PBXBuildFile; fileRef = D1D680FC244690BE00F4634F /* LaunchScreen.storyboard */; };
		D1D681082446914B00F4634F /* TopViewController.swift in Sources */ = {isa = PBXBuildFile; fileRef = D1D681062446914B00F4634F /* TopViewController.swift */; };
		D1D681092446914B00F4634F /* TopViewController.xib in Resources */ = {isa = PBXBuildFile; fileRef = D1D681072446914B00F4634F /* TopViewController.xib */; };
		D1D6810C2446917700F4634F /* TopMainView.swift in Sources */ = {isa = PBXBuildFile; fileRef = D1D6810A2446917700F4634F /* TopMainView.swift */; };
		D1D6810D2446917700F4634F /* TopMainView.xib in Resources */ = {isa = PBXBuildFile; fileRef = D1D6810B2446917700F4634F /* TopMainView.xib */; };
		D1D681142446953500F4634F /* TopMainCollectionViewCell.swift in Sources */ = {isa = PBXBuildFile; fileRef = D1D681122446953500F4634F /* TopMainCollectionViewCell.swift */; };
		D1D681152446953500F4634F /* TopMainCollectionViewCell.xib in Resources */ = {isa = PBXBuildFile; fileRef = D1D681132446953500F4634F /* TopMainCollectionViewCell.xib */; };
		F989014F8358BFDCE6F4F2E3 /* Pods_CollectionView.framework in Frameworks */ = {isa = PBXBuildFile; fileRef = ACD22CA8C408784645E998E9 /* Pods_CollectionView.framework */; };
/* End PBXBuildFile section */

/* Begin PBXFileReference section */
		6DE8700A0DA52FF5497F3EBC /* Pods-CollectionView.debug.xcconfig */ = {isa = PBXFileReference; includeInIndex = 1; lastKnownFileType = text.xcconfig; name = "Pods-CollectionView.debug.xcconfig"; path = "Target Support Files/Pods-CollectionView/Pods-CollectionView.debug.xcconfig"; sourceTree = "<group>"; };
		ACD22CA8C408784645E998E9 /* Pods_CollectionView.framework */ = {isa = PBXFileReference; explicitFileType = wrapper.framework; includeInIndex = 0; path = Pods_CollectionView.framework; sourceTree = BUILT_PRODUCTS_DIR; };
		CC084D152F8B88E8EFDF343D /* Pods-CollectionView.release.xcconfig */ = {isa = PBXFileReference; includeInIndex = 1; lastKnownFileType = text.xcconfig; name = "Pods-CollectionView.release.xcconfig"; path = "Target Support Files/Pods-CollectionView/Pods-CollectionView.release.xcconfig"; sourceTree = "<group>"; };
		D1D680EE244690BC00F4634F /* CollectionView.app */ = {isa = PBXFileReference; explicitFileType = wrapper.application; includeInIndex = 0; path = CollectionView.app; sourceTree = BUILT_PRODUCTS_DIR; };
		D1D680F1244690BC00F4634F /* AppDelegate.swift */ = {isa = PBXFileReference; lastKnownFileType = sourcecode.swift; path = AppDelegate.swift; sourceTree = "<group>"; };
		D1D680F3244690BC00F4634F /* SceneDelegate.swift */ = {isa = PBXFileReference; lastKnownFileType = sourcecode.swift; path = SceneDelegate.swift; sourceTree = "<group>"; };
		D1D680F8244690BC00F4634F /* Base */ = {isa = PBXFileReference; lastKnownFileType = file.storyboard; name = Base; path = Base.lproj/Main.storyboard; sourceTree = "<group>"; };
		D1D680FA244690BE00F4634F /* Assets.xcassets */ = {isa = PBXFileReference; lastKnownFileType = folder.assetcatalog; path = Assets.xcassets; sourceTree = "<group>"; };
		D1D680FD244690BE00F4634F /* Base */ = {isa = PBXFileReference; lastKnownFileType = file.storyboard; name = Base; path = Base.lproj/LaunchScreen.storyboard; sourceTree = "<group>"; };
		D1D680FF244690BE00F4634F /* Info.plist */ = {isa = PBXFileReference; lastKnownFileType = text.plist.xml; path = Info.plist; sourceTree = "<group>"; };
		D1D681062446914B00F4634F /* TopViewController.swift */ = {isa = PBXFileReference; lastKnownFileType = sourcecode.swift; path = TopViewController.swift; sourceTree = "<group>"; };
		D1D681072446914B00F4634F /* TopViewController.xib */ = {isa = PBXFileReference; lastKnownFileType = file.xib; path = TopViewController.xib; sourceTree = "<group>"; };
		D1D6810A2446917700F4634F /* TopMainView.swift */ = {isa = PBXFileReference; lastKnownFileType = sourcecode.swift; path = TopMainView.swift; sourceTree = "<group>"; };
		D1D6810B2446917700F4634F /* TopMainView.xib */ = {isa = PBXFileReference; lastKnownFileType = file.xib; path = TopMainView.xib; sourceTree = "<group>"; };
		D1D681122446953500F4634F /* TopMainCollectionViewCell.swift */ = {isa = PBXFileReference; lastKnownFileType = sourcecode.swift; path = TopMainCollectionViewCell.swift; sourceTree = "<group>"; };
		D1D681132446953500F4634F /* TopMainCollectionViewCell.xib */ = {isa = PBXFileReference; lastKnownFileType = file.xib; path = TopMainCollectionViewCell.xib; sourceTree = "<group>"; };
/* End PBXFileReference section */

/* Begin PBXFrameworksBuildPhase section */
		D1D680EB244690BC00F4634F /* Frameworks */ = {
			isa = PBXFrameworksBuildPhase;
			buildActionMask = 2147483647;
			files = (
				F989014F8358BFDCE6F4F2E3 /* Pods_CollectionView.framework in Frameworks */,
			);
			runOnlyForDeploymentPostprocessing = 0;
		};
/* End PBXFrameworksBuildPhase section */

/* Begin PBXGroup section */
		19E89B5F5F2782205A01067A /* Pods */ = {
			isa = PBXGroup;
			children = (
				6DE8700A0DA52FF5497F3EBC /* Pods-CollectionView.debug.xcconfig */,
				CC084D152F8B88E8EFDF343D /* Pods-CollectionView.release.xcconfig */,
			);
			path = Pods;
			sourceTree = "<group>";
		};
		AB24D700EE23749817DB5A1A /* Frameworks */ = {
			isa = PBXGroup;
			children = (
				ACD22CA8C408784645E998E9 /* Pods_CollectionView.framework */,
			);
			name = Frameworks;
			sourceTree = "<group>";
		};
		D1D680E5244690BC00F4634F = {
			isa = PBXGroup;
			children = (
				D1D680F0244690BC00F4634F /* CollectionView */,
				D1D680EF244690BC00F4634F /* Products */,
				19E89B5F5F2782205A01067A /* Pods */,
				AB24D700EE23749817DB5A1A /* Frameworks */,
			);
			sourceTree = "<group>";
		};
		D1D680EF244690BC00F4634F /* Products */ = {
			isa = PBXGroup;
			children = (
				D1D680EE244690BC00F4634F /* CollectionView.app */,
			);
			name = Products;
			sourceTree = "<group>";
		};
		D1D680F0244690BC00F4634F /* CollectionView */ = {
			isa = PBXGroup;
			children = (
				D1D681052446913E00F4634F /* Top */,
				D1D680F1244690BC00F4634F /* AppDelegate.swift */,
				D1D680F3244690BC00F4634F /* SceneDelegate.swift */,
				D1D680F7244690BC00F4634F /* Main.storyboard */,
				D1D680FA244690BE00F4634F /* Assets.xcassets */,
				D1D680FC244690BE00F4634F /* LaunchScreen.storyboard */,
				D1D680FF244690BE00F4634F /* Info.plist */,
			);
			path = CollectionView;
			sourceTree = "<group>";
		};
		D1D681052446913E00F4634F /* Top */ = {
			isa = PBXGroup;
			children = (
				D1D681062446914B00F4634F /* TopViewController.swift */,
				D1D681072446914B00F4634F /* TopViewController.xib */,
				D1D6810A2446917700F4634F /* TopMainView.swift */,
				D1D6810B2446917700F4634F /* TopMainView.xib */,
				D1D681122446953500F4634F /* TopMainCollectionViewCell.swift */,
				D1D681132446953500F4634F /* TopMainCollectionViewCell.xib */,
			);
			path = Top;
			sourceTree = "<group>";
		};
/* End PBXGroup section */

/* Begin PBXNativeTarget section */
		D1D680ED244690BC00F4634F /* CollectionView */ = {
			isa = PBXNativeTarget;
			buildConfigurationList = D1D68102244690BE00F4634F /* Build configuration list for PBXNativeTarget "CollectionView" */;
			buildPhases = (
				7264C4A0F8CBF3CDD26EDA39 /* [CP] Check Pods Manifest.lock */,
				D1D680EA244690BC00F4634F /* Sources */,
				D1D680EB244690BC00F4634F /* Frameworks */,
				D1D680EC244690BC00F4634F /* Resources */,
				B051D883BB75427E18B80109 /* [CP] Embed Pods Frameworks */,
			);
			buildRules = (
			);
			dependencies = (
			);
			name = CollectionView;
			productName = CollectionView;
			productReference = D1D680EE244690BC00F4634F /* CollectionView.app */;
			productType = "com.apple.product-type.application";
		};
/* End PBXNativeTarget section */

/* Begin PBXProject section */
		D1D680E6244690BC00F4634F /* Project object */ = {
			isa = PBXProject;
			attributes = {
				LastSwiftUpdateCheck = 1140;
				LastUpgradeCheck = 1140;
				ORGANIZATIONNAME = "Playground, Inc.";
				TargetAttributes = {
					D1D680ED244690BC00F4634F = {
						CreatedOnToolsVersion = 11.4;
					};
				};
			};
			buildConfigurationList = D1D680E9244690BC00F4634F /* Build configuration list for PBXProject "CollectionView" */;
			compatibilityVersion = "Xcode 9.3";
			developmentRegion = en;
			hasScannedForEncodings = 0;
			knownRegions = (
				en,
				Base,
			);
			mainGroup = D1D680E5244690BC00F4634F;
			productRefGroup = D1D680EF244690BC00F4634F /* Products */;
			projectDirPath = "";
			projectRoot = "";
			targets = (
				D1D680ED244690BC00F4634F /* CollectionView */,
			);
		};
/* End PBXProject section */

/* Begin PBXResourcesBuildPhase section */
		D1D680EC244690BC00F4634F /* Resources */ = {
			isa = PBXResourcesBuildPhase;
			buildActionMask = 2147483647;
			files = (
				D1D6810D2446917700F4634F /* TopMainView.xib in Resources */,
				D1D681092446914B00F4634F /* TopViewController.xib in Resources */,
				D1D680FE244690BE00F4634F /* LaunchScreen.storyboard in Resources */,
				D1D681152446953500F4634F /* TopMainCollectionViewCell.xib in Resources */,
				D1D680FB244690BE00F4634F /* Assets.xcassets in Resources */,
				D1D680F9244690BC00F4634F /* Main.storyboard in Resources */,
			);
			runOnlyForDeploymentPostprocessing = 0;
		};
/* End PBXResourcesBuildPhase section */

/* Begin PBXShellScriptBuildPhase section */
		7264C4A0F8CBF3CDD26EDA39 /* [CP] Check Pods Manifest.lock */ = {
			isa = PBXShellScriptBuildPhase;
			buildActionMask = 2147483647;
			files = (
			);
			inputFileListPaths = (
			);
			inputPaths = (
				"${PODS_PODFILE_DIR_PATH}/Podfile.lock",
				"${PODS_ROOT}/Manifest.lock",
			);
			name = "[CP] Check Pods Manifest.lock";
			outputFileListPaths = (
			);
			outputPaths = (
				"$(DERIVED_FILE_DIR)/Pods-CollectionView-checkManifestLockResult.txt",
			);
			runOnlyForDeploymentPostprocessing = 0;
			shellPath = /bin/sh;
			shellScript = "diff \"${PODS_PODFILE_DIR_PATH}/Podfile.lock\" \"${PODS_ROOT}/Manifest.lock\" > /dev/null\nif [ $? != 0 ] ; then\n    # print error to STDERR\n    echo \"error: The sandbox is not in sync with the Podfile.lock. Run 'pod install' or update your CocoaPods installation.\" >&2\n    exit 1\nfi\n# This output is used by Xcode 'outputs' to avoid re-running this script phase.\necho \"SUCCESS\" > \"${SCRIPT_OUTPUT_FILE_0}\"\n";
			showEnvVarsInLog = 0;
		};
		B051D883BB75427E18B80109 /* [CP] Embed Pods Frameworks */ = {
			isa = PBXShellScriptBuildPhase;
			buildActionMask = 2147483647;
			files = (
			);
			inputFileListPaths = (
				"${PODS_ROOT}/Target Support Files/Pods-CollectionView/Pods-CollectionView-frameworks-${CONFIGURATION}-input-files.xcfilelist",
			);
			name = "[CP] Embed Pods Frameworks";
			outputFileListPaths = (
				"${PODS_ROOT}/Target Support Files/Pods-CollectionView/Pods-CollectionView-frameworks-${CONFIGURATION}-output-files.xcfilelist",
			);
			runOnlyForDeploymentPostprocessing = 0;
			shellPath = /bin/sh;
			shellScript = "\"${PODS_ROOT}/Target Support Files/Pods-CollectionView/Pods-CollectionView-frameworks.sh\"\n";
			showEnvVarsInLog = 0;
		};
/* End PBXShellScriptBuildPhase section */

/* Begin PBXSourcesBuildPhase section */
		D1D680EA244690BC00F4634F /* Sources */ = {
			isa = PBXSourcesBuildPhase;
			buildActionMask = 2147483647;
			files = (
				D1D681142446953500F4634F /* TopMainCollectionViewCell.swift in Sources */,
				D1D681082446914B00F4634F /* TopViewController.swift in Sources */,
				D1D680F2244690BC00F4634F /* AppDelegate.swift in Sources */,
				D1D680F4244690BC00F4634F /* SceneDelegate.swift in Sources */,
				D1D6810C2446917700F4634F /* TopMainView.swift in Sources */,
			);
			runOnlyForDeploymentPostprocessing = 0;
		};
/* End PBXSourcesBuildPhase section */

/* Begin PBXVariantGroup section */
		D1D680F7244690BC00F4634F /* Main.storyboard */ = {
			isa = PBXVariantGroup;
			children = (
				D1D680F8244690BC00F4634F /* Base */,
			);
			name = Main.storyboard;
			sourceTree = "<group>";
		};
		D1D680FC244690BE00F4634F /* LaunchScreen.storyboard */ = {
			isa = PBXVariantGroup;
			children = (
				D1D680FD244690BE00F4634F /* Base */,
			);
			name = LaunchScreen.storyboard;
			sourceTree = "<group>";
		};
/* End PBXVariantGroup section */

/* Begin XCBuildConfiguration section */
		D1D68100244690BE00F4634F /* Debug */ = {
			isa = XCBuildConfiguration;
			buildSettings = {
				ALWAYS_SEARCH_USER_PATHS = NO;
				CLANG_ANALYZER_NONNULL = YES;
				CLANG_ANALYZER_NUMBER_OBJECT_CONVERSION = YES_AGGRESSIVE;
				CLANG_CXX_LANGUAGE_STANDARD = "gnu++14";
				CLANG_CXX_LIBRARY = "libc++";
				CLANG_ENABLE_MODULES = YES;
				CLANG_ENABLE_OBJC_ARC = YES;
				CLANG_ENABLE_OBJC_WEAK = YES;
				CLANG_WARN_BLOCK_CAPTURE_AUTORELEASING = YES;
				CLANG_WARN_BOOL_CONVERSION = YES;
				CLANG_WARN_COMMA = YES;
				CLANG_WARN_CONSTANT_CONVERSION = YES;
				CLANG_WARN_DEPRECATED_OBJC_IMPLEMENTATIONS = YES;
				CLANG_WARN_DIRECT_OBJC_ISA_USAGE = YES_ERROR;
				CLANG_WARN_DOCUMENTATION_COMMENTS = YES;
				CLANG_WARN_EMPTY_BODY = YES;
				CLANG_WARN_ENUM_CONVERSION = YES;
				CLANG_WARN_INFINITE_RECURSION = YES;
				CLANG_WARN_INT_CONVERSION = YES;
				CLANG_WARN_NON_LITERAL_NULL_CONVERSION = YES;
				CLANG_WARN_OBJC_IMPLICIT_RETAIN_SELF = YES;
				CLANG_WARN_OBJC_LITERAL_CONVERSION = YES;
				CLANG_WARN_OBJC_ROOT_CLASS = YES_ERROR;
				CLANG_WARN_RANGE_LOOP_ANALYSIS = YES;
				CLANG_WARN_STRICT_PROTOTYPES = YES;
				CLANG_WARN_SUSPICIOUS_MOVE = YES;
				CLANG_WARN_UNGUARDED_AVAILABILITY = YES_AGGRESSIVE;
				CLANG_WARN_UNREACHABLE_CODE = YES;
				CLANG_WARN__DUPLICATE_METHOD_MATCH = YES;
				COPY_PHASE_STRIP = NO;
				DEBUG_INFORMATION_FORMAT = dwarf;
				ENABLE_STRICT_OBJC_MSGSEND = YES;
				ENABLE_TESTABILITY = YES;
				GCC_C_LANGUAGE_STANDARD = gnu11;
				GCC_DYNAMIC_NO_PIC = NO;
				GCC_NO_COMMON_BLOCKS = YES;
				GCC_OPTIMIZATION_LEVEL = 0;
				GCC_PREPROCESSOR_DEFINITIONS = (
					"DEBUG=1",
					"$(inherited)",
				);
				GCC_WARN_64_TO_32_BIT_CONVERSION = YES;
				GCC_WARN_ABOUT_RETURN_TYPE = YES_ERROR;
				GCC_WARN_UNDECLARED_SELECTOR = YES;
				GCC_WARN_UNINITIALIZED_AUTOS = YES_AGGRESSIVE;
				GCC_WARN_UNUSED_FUNCTION = YES;
				GCC_WARN_UNUSED_VARIABLE = YES;
				IPHONEOS_DEPLOYMENT_TARGET = 13.4;
				MTL_ENABLE_DEBUG_INFO = INCLUDE_SOURCE;
				MTL_FAST_MATH = YES;
				ONLY_ACTIVE_ARCH = YES;
				SDKROOT = iphoneos;
				SWIFT_ACTIVE_COMPILATION_CONDITIONS = DEBUG;
				SWIFT_OPTIMIZATION_LEVEL = "-Onone";
			};
			name = Debug;
		};
		D1D68101244690BE00F4634F /* Release */ = {
			isa = XCBuildConfiguration;
			buildSettings = {
				ALWAYS_SEARCH_USER_PATHS = NO;
				CLANG_ANALYZER_NONNULL = YES;
				CLANG_ANALYZER_NUMBER_OBJECT_CONVERSION = YES_AGGRESSIVE;
				CLANG_CXX_LANGUAGE_STANDARD = "gnu++14";
				CLANG_CXX_LIBRARY = "libc++";
				CLANG_ENABLE_MODULES = YES;
				CLANG_ENABLE_OBJC_ARC = YES;
				CLANG_ENABLE_OBJC_WEAK = YES;
				CLANG_WARN_BLOCK_CAPTURE_AUTORELEASING = YES;
				CLANG_WARN_BOOL_CONVERSION = YES;
				CLANG_WARN_COMMA = YES;
				CLANG_WARN_CONSTANT_CONVERSION = YES;
				CLANG_WARN_DEPRECATED_OBJC_IMPLEMENTATIONS = YES;
				CLANG_WARN_DIRECT_OBJC_ISA_USAGE = YES_ERROR;
				CLANG_WARN_DOCUMENTATION_COMMENTS = YES;
				CLANG_WARN_EMPTY_BODY = YES;
				CLANG_WARN_ENUM_CONVERSION = YES;
				CLANG_WARN_INFINITE_RECURSION = YES;
				CLANG_WARN_INT_CONVERSION = YES;
				CLANG_WARN_NON_LITERAL_NULL_CONVERSION = YES;
				CLANG_WARN_OBJC_IMPLICIT_RETAIN_SELF = YES;
				CLANG_WARN_OBJC_LITERAL_CONVERSION = YES;
				CLANG_WARN_OBJC_ROOT_CLASS = YES_ERROR;
				CLANG_WARN_RANGE_LOOP_ANALYSIS = YES;
				CLANG_WARN_STRICT_PROTOTYPES = YES;
				CLANG_WARN_SUSPICIOUS_MOVE = YES;
				CLANG_WARN_UNGUARDED_AVAILABILITY = YES_AGGRESSIVE;
				CLANG_WARN_UNREACHABLE_CODE = YES;
				CLANG_WARN__DUPLICATE_METHOD_MATCH = YES;
				COPY_PHASE_STRIP = NO;
				DEBUG_INFORMATION_FORMAT = "dwarf-with-dsym";
				ENABLE_NS_ASSERTIONS = NO;
				ENABLE_STRICT_OBJC_MSGSEND = YES;
				GCC_C_LANGUAGE_STANDARD = gnu11;
				GCC_NO_COMMON_BLOCKS = YES;
				GCC_WARN_64_TO_32_BIT_CONVERSION = YES;
				GCC_WARN_ABOUT_RETURN_TYPE = YES_ERROR;
				GCC_WARN_UNDECLARED_SELECTOR = YES;
				GCC_WARN_UNINITIALIZED_AUTOS = YES_AGGRESSIVE;
				GCC_WARN_UNUSED_FUNCTION = YES;
				GCC_WARN_UNUSED_VARIABLE = YES;
				IPHONEOS_DEPLOYMENT_TARGET = 13.4;
				MTL_ENABLE_DEBUG_INFO = NO;
				MTL_FAST_MATH = YES;
				SDKROOT = iphoneos;
				SWIFT_COMPILATION_MODE = wholemodule;
				SWIFT_OPTIMIZATION_LEVEL = "-O";
				VALIDATE_PRODUCT = YES;
			};
			name = Release;
		};
		D1D68103244690BE00F4634F /* Debug */ = {
			isa = XCBuildConfiguration;
			baseConfigurationReference = 6DE8700A0DA52FF5497F3EBC /* Pods-CollectionView.debug.xcconfig */;
			buildSettings = {
				ASSETCATALOG_COMPILER_APPICON_NAME = AppIcon;
				CODE_SIGN_STYLE = Automatic;
				DEVELOPMENT_TEAM = MWLT8V7P2U;
				INFOPLIST_FILE = CollectionView/Info.plist;
				LD_RUNPATH_SEARCH_PATHS = (
					"$(inherited)",
					"@executable_path/Frameworks",
				);
				PRODUCT_BUNDLE_IDENTIFIER = com.playground.CollectionView;
				PRODUCT_NAME = "$(TARGET_NAME)";
				SWIFT_VERSION = 5.0;
				TARGETED_DEVICE_FAMILY = "1,2";
			};
			name = Debug;
		};
		D1D68104244690BE00F4634F /* Release */ = {
			isa = XCBuildConfiguration;
			baseConfigurationReference = CC084D152F8B88E8EFDF343D /* Pods-CollectionView.release.xcconfig */;
			buildSettings = {
				ASSETCATALOG_COMPILER_APPICON_NAME = AppIcon;
				CODE_SIGN_STYLE = Automatic;
				DEVELOPMENT_TEAM = MWLT8V7P2U;
				INFOPLIST_FILE = CollectionView/Info.plist;
				LD_RUNPATH_SEARCH_PATHS = (
					"$(inherited)",
					"@executable_path/Frameworks",
				);
				PRODUCT_BUNDLE_IDENTIFIER = com.playground.CollectionView;
				PRODUCT_NAME = "$(TARGET_NAME)";
				SWIFT_VERSION = 5.0;
				TARGETED_DEVICE_FAMILY = "1,2";
			};
			name = Release;
		};
/* End XCBuildConfiguration section */

/* Begin XCConfigurationList section */
		D1D680E9244690BC00F4634F /* Build configuration list for PBXProject "CollectionView" */ = {
			isa = XCConfigurationList;
			buildConfigurations = (
				D1D68100244690BE00F4634F /* Debug */,
				D1D68101244690BE00F4634F /* Release */,
			);
			defaultConfigurationIsVisible = 0;
			defaultConfigurationName = Release;
		};
		D1D68102244690BE00F4634F /* Build configuration list for PBXNativeTarget "CollectionView" */ = {
			isa = XCConfigurationList;
			buildConfigurations = (
				D1D68103244690BE00F4634F /* Debug */,
				D1D68104244690BE00F4634F /* Release */,
			);
			defaultConfigurationIsVisible = 0;
			defaultConfigurationName = Release;
		};
/* End XCConfigurationList section */
	};
	rootObject = D1D680E6244690BC00F4634F /* Project object */;
}
